// !$*UTF8*$!
{
	archiveVersion = 1;
	classes = {
	};
	objectVersion = 50;
	objects = {

/* Begin PBXBuildFile section */
		67DAFDB72563EED10033D499 /* UI_34App.swift in Sources */ = {isa = PBXBuildFile; fileRef = 67DAFDB62563EED10033D499 /* UI_34App.swift */; };
		67DAFDB92563EED10033D499 /* ContentView.swift in Sources */ = {isa = PBXBuildFile; fileRef = 67DAFDB82563EED10033D499 /* ContentView.swift */; };
		67DAFDBB2563EED20033D499 /* Assets.xcassets in Resources */ = {isa = PBXBuildFile; fileRef = 67DAFDBA2563EED20033D499 /* Assets.xcassets */; };
		67DAFDBE2563EED20033D499 /* Preview Assets.xcassets in Resources */ = {isa = PBXBuildFile; fileRef = 67DAFDBD2563EED20033D499 /* Preview Assets.xcassets */; };
		67DAFDC92563EED20033D499 /* UI_34Tests.swift in Sources */ = {isa = PBXBuildFile; fileRef = 67DAFDC82563EED20033D499 /* UI_34Tests.swift */; };
		67DAFDD42563EED20033D499 /* UI_34UITests.swift in Sources */ = {isa = PBXBuildFile; fileRef = 67DAFDD32563EED20033D499 /* UI_34UITests.swift */; };
/* End PBXBuildFile section */

/* Begin PBXContainerItemProxy section */
		67DAFDC52563EED20033D499 /* PBXContainerItemProxy */ = {
			isa = PBXContainerItemProxy;
			containerPortal = 67DAFDAB2563EED10033D499 /* Project object */;
			proxyType = 1;
			remoteGlobalIDString = 67DAFDB22563EED10033D499;
			remoteInfo = "UI-34";
		};
		67DAFDD02563EED20033D499 /* PBXContainerItemProxy */ = {
			isa = PBXContainerItemProxy;
			containerPortal = 67DAFDAB2563EED10033D499 /* Project object */;
			proxyType = 1;
			remoteGlobalIDString = 67DAFDB22563EED10033D499;
			remoteInfo = "UI-34";
		};
/* End PBXContainerItemProxy section */

/* Begin PBXFileReference section */
		67DAFDB32563EED10033D499 /* UI-34.app */ = {isa = PBXFileReference; explicitFileType = wrapper.application; includeInIndex = 0; path = "UI-34.app"; sourceTree = BUILT_PRODUCTS_DIR; };
		67DAFDB62563EED10033D499 /* UI_34App.swift */ = {isa = PBXFileReference; lastKnownFileType = sourcecode.swift; path = UI_34App.swift; sourceTree = "<group>"; };
		67DAFDB82563EED10033D499 /* ContentView.swift */ = {isa = PBXFileReference; lastKnownFileType = sourcecode.swift; path = ContentView.swift; sourceTree = "<group>"; };
		67DAFDBA2563EED20033D499 /* Assets.xcassets */ = {isa = PBXFileReference; lastKnownFileType = folder.assetcatalog; path = Assets.xcassets; sourceTree = "<group>"; };
		67DAFDBD2563EED20033D499 /* Preview Assets.xcassets */ = {isa = PBXFileReference; lastKnownFileType = folder.assetcatalog; path = "Preview Assets.xcassets"; sourceTree = "<group>"; };
		67DAFDBF2563EED20033D499 /* Info.plist */ = {isa = PBXFileReference; lastKnownFileType = text.plist.xml; path = Info.plist; sourceTree = "<group>"; };
		67DAFDC42563EED20033D499 /* UI-34Tests.xctest */ = {isa = PBXFileReference; explicitFileType = wrapper.cfbundle; includeInIndex = 0; path = "UI-34Tests.xctest"; sourceTree = BUILT_PRODUCTS_DIR; };
		67DAFDC82563EED20033D499 /* UI_34Tests.swift */ = {isa = PBXFileReference; lastKnownFileType = sourcecode.swift; path = UI_34Tests.swift; sourceTree = "<group>"; };
		67DAFDCA2563EED20033D499 /* Info.plist */ = {isa = PBXFileReference; lastKnownFileType = text.plist.xml; path = Info.plist; sourceTree = "<group>"; };
		67DAFDCF2563EED20033D499 /* UI-34UITests.xctest */ = {isa = PBXFileReference; explicitFileType = wrapper.cfbundle; includeInIndex = 0; path = "UI-34UITests.xctest"; sourceTree = BUILT_PRODUCTS_DIR; };
		67DAFDD32563EED20033D499 /* UI_34UITests.swift */ = {isa = PBXFileReference; lastKnownFileType = sourcecode.swift; path = UI_34UITests.swift; sourceTree = "<group>"; };
		67DAFDD52563EED20033D499 /* Info.plist */ = {isa = PBXFileReference; lastKnownFileType = text.plist.xml; path = Info.plist; sourceTree = "<group>"; };
/* End PBXFileReference section */

/* Begin PBXFrameworksBuildPhase section */
		67DAFDB02563EED10033D499 /* Frameworks */ = {
			isa = PBXFrameworksBuildPhase;
			buildActionMask = 2147483647;
			files = (
			);
			runOnlyForDeploymentPostprocessing = 0;
		};
		67DAFDC12563EED20033D499 /* Frameworks */ = {
			isa = PBXFrameworksBuildPhase;
			buildActionMask = 2147483647;
			files = (
			);
			runOnlyForDeploymentPostprocessing = 0;
		};
		67DAFDCC2563EED20033D499 /* Frameworks */ = {
			isa = PBXFrameworksBuildPhase;
			buildActionMask = 2147483647;
			files = (
			);
			runOnlyForDeploymentPostprocessing = 0;
		};
/* End PBXFrameworksBuildPhase section */

/* Begin PBXGroup section */
		67DAFDAA2563EED10033D499 = {
			isa = PBXGroup;
			children = (
				67DAFDB52563EED10033D499 /* UI-34 */,
				67DAFDC72563EED20033D499 /* UI-34Tests */,
				67DAFDD22563EED20033D499 /* UI-34UITests */,
				67DAFDB42563EED10033D499 /* Products */,
			);
			sourceTree = "<group>";
		};
		67DAFDB42563EED10033D499 /* Products */ = {
			isa = PBXGroup;
			children = (
				67DAFDB32563EED10033D499 /* UI-34.app */,
				67DAFDC42563EED20033D499 /* UI-34Tests.xctest */,
				67DAFDCF2563EED20033D499 /* UI-34UITests.xctest */,
			);
			name = Products;
			sourceTree = "<group>";
		};
		67DAFDB52563EED10033D499 /* UI-34 */ = {
			isa = PBXGroup;
			children = (
				67DAFDB62563EED10033D499 /* UI_34App.swift */,
				67DAFDB82563EED10033D499 /* ContentView.swift */,
				67DAFDBA2563EED20033D499 /* Assets.xcassets */,
				67DAFDBF2563EED20033D499 /* Info.plist */,
				67DAFDBC2563EED20033D499 /* Preview Content */,
			);
			path = "UI-34";
			sourceTree = "<group>";
		};
		67DAFDBC2563EED20033D499 /* Preview Content */ = {
			isa = PBXGroup;
			children = (
				67DAFDBD2563EED20033D499 /* Preview Assets.xcassets */,
			);
			path = "Preview Content";
			sourceTree = "<group>";
		};
		67DAFDC72563EED20033D499 /* UI-34Tests */ = {
			isa = PBXGroup;
			children = (
				67DAFDC82563EED20033D499 /* UI_34Tests.swift */,
				67DAFDCA2563EED20033D499 /* Info.plist */,
			);
			path = "UI-34Tests";
			sourceTree = "<group>";
		};
		67DAFDD22563EED20033D499 /* UI-34UITests */ = {
			isa = PBXGroup;
			children = (
				67DAFDD32563EED20033D499 /* UI_34UITests.swift */,
				67DAFDD52563EED20033D499 /* Info.plist */,
			);
			path = "UI-34UITests";
			sourceTree = "<group>";
		};
/* End PBXGroup section */

/* Begin PBXNativeTarget section */
		67DAFDB22563EED10033D499 /* UI-34 */ = {
			isa = PBXNativeTarget;
			buildConfigurationList = 67DAFDD82563EED20033D499 /* Build configuration list for PBXNativeTarget "UI-34" */;
			buildPhases = (
				67DAFDAF2563EED10033D499 /* Sources */,
				67DAFDB02563EED10033D499 /* Frameworks */,
				67DAFDB12563EED10033D499 /* Resources */,
			);
			buildRules = (
			);
			dependencies = (
			);
			name = "UI-34";
			productName = "UI-34";
			productReference = 67DAFDB32563EED10033D499 /* UI-34.app */;
			productType = "com.apple.product-type.application";
		};
		67DAFDC32563EED20033D499 /* UI-34Tests */ = {
			isa = PBXNativeTarget;
			buildConfigurationList = 67DAFDDB2563EED20033D499 /* Build configuration list for PBXNativeTarget "UI-34Tests" */;
			buildPhases = (
				67DAFDC02563EED20033D499 /* Sources */,
				67DAFDC12563EED20033D499 /* Frameworks */,
				67DAFDC22563EED20033D499 /* Resources */,
			);
			buildRules = (
			);
			dependencies = (
				67DAFDC62563EED20033D499 /* PBXTargetDependency */,
			);
			name = "UI-34Tests";
			productName = "UI-34Tests";
			productReference = 67DAFDC42563EED20033D499 /* UI-34Tests.xctest */;
			productType = "com.apple.product-type.bundle.unit-test";
		};
		67DAFDCE2563EED20033D499 /* UI-34UITests */ = {
			isa = PBXNativeTarget;
			buildConfigurationList = 67DAFDDE2563EED20033D499 /* Build configuration list for PBXNativeTarget "UI-34UITests" */;
			buildPhases = (
				67DAFDCB2563EED20033D499 /* Sources */,
				67DAFDCC2563EED20033D499 /* Frameworks */,
				67DAFDCD2563EED20033D499 /* Resources */,
			);
			buildRules = (
			);
			dependencies = (
				67DAFDD12563EED20033D499 /* PBXTargetDependency */,
			);
			name = "UI-34UITests";
			productName = "UI-34UITests";
			productReference = 67DAFDCF2563EED20033D499 /* UI-34UITests.xctest */;
			productType = "com.apple.product-type.bundle.ui-testing";
		};
/* End PBXNativeTarget section */

/* Begin PBXProject section */
		67DAFDAB2563EED10033D499 /* Project object */ = {
			isa = PBXProject;
			attributes = {
				LastSwiftUpdateCheck = 1220;
				LastUpgradeCheck = 1220;
				TargetAttributes = {
					67DAFDB22563EED10033D499 = {
						CreatedOnToolsVersion = 12.2;
					};
					67DAFDC32563EED20033D499 = {
						CreatedOnToolsVersion = 12.2;
						TestTargetID = 67DAFDB22563EED10033D499;
					};
					67DAFDCE2563EED20033D499 = {
						CreatedOnToolsVersion = 12.2;
						TestTargetID = 67DAFDB22563EED10033D499;
					};
				};
			};
			buildConfigurationList = 67DAFDAE2563EED10033D499 /* Build configuration list for PBXProject "UI-34" */;
			compatibilityVersion = "Xcode 9.3";
			developmentRegion = en;
			hasScannedForEncodings = 0;
			knownRegions = (
				en,
				Base,
			);
			mainGroup = 67DAFDAA2563EED10033D499;
			productRefGroup = 67DAFDB42563EED10033D499 /* Products */;
			projectDirPath = "";
			projectRoot = "";
			targets = (
				67DAFDB22563EED10033D499 /* UI-34 */,
				67DAFDC32563EED20033D499 /* UI-34Tests */,
				67DAFDCE2563EED20033D499 /* UI-34UITests */,
			);
		};
/* End PBXProject section */

/* Begin PBXResourcesBuildPhase section */
		67DAFDB12563EED10033D499 /* Resources */ = {
			isa = PBXResourcesBuildPhase;
			buildActionMask = 2147483647;
			files = (
				67DAFDBE2563EED20033D499 /* Preview Assets.xcassets in Resources */,
				67DAFDBB2563EED20033D499 /* Assets.xcassets in Resources */,
			);
			runOnlyForDeploymentPostprocessing = 0;
		};
		67DAFDC22563EED20033D499 /* Resources */ = {
			isa = PBXResourcesBuildPhase;
			buildActionMask = 2147483647;
			files = (
			);
			runOnlyForDeploymentPostprocessing = 0;
		};
		67DAFDCD2563EED20033D499 /* Resources */ = {
			isa = PBXResourcesBuildPhase;
			buildActionMask = 2147483647;
			files = (
			);
			runOnlyForDeploymentPostprocessing = 0;
		};
/* End PBXResourcesBuildPhase section */

/* Begin PBXSourcesBuildPhase section */
		67DAFDAF2563EED10033D499 /* Sources */ = {
			isa = PBXSourcesBuildPhase;
			buildActionMask = 2147483647;
			files = (
				67DAFDB92563EED10033D499 /* ContentView.swift in Sources */,
				67DAFDB72563EED10033D499 /* UI_34App.swift in Sources */,
			);
			runOnlyForDeploymentPostprocessing = 0;
		};
		67DAFDC02563EED20033D499 /* Sources */ = {
			isa = PBXSourcesBuildPhase;
			buildActionMask = 2147483647;
			files = (
				67DAFDC92563EED20033D499 /* UI_34Tests.swift in Sources */,
			);
			runOnlyForDeploymentPostprocessing = 0;
		};
		67DAFDCB2563EED20033D499 /* Sources */ = {
			isa = PBXSourcesBuildPhase;
			buildActionMask = 2147483647;
			files = (
				67DAFDD42563EED20033D499 /* UI_34UITests.swift in Sources */,
			);
			runOnlyForDeploymentPostprocessing = 0;
		};
/* End PBXSourcesBuildPhase section */

/* Begin PBXTargetDependency section */
		67DAFDC62563EED20033D499 /* PBXTargetDependency */ = {
			isa = PBXTargetDependency;
			target = 67DAFDB22563EED10033D499 /* UI-34 */;
			targetProxy = 67DAFDC52563EED20033D499 /* PBXContainerItemProxy */;
		};
		67DAFDD12563EED20033D499 /* PBXTargetDependency */ = {
			isa = PBXTargetDependency;
			target = 67DAFDB22563EED10033D499 /* UI-34 */;
			targetProxy = 67DAFDD02563EED20033D499 /* PBXContainerItemProxy */;
		};
/* End PBXTargetDependency section */

/* Begin XCBuildConfiguration section */
		67DAFDD62563EED20033D499 /* Debug */ = {
			isa = XCBuildConfiguration;
			buildSettings = {
				ALWAYS_SEARCH_USER_PATHS = NO;
				CLANG_ANALYZER_NONNULL = YES;
				CLANG_ANALYZER_NUMBER_OBJECT_CONVERSION = YES_AGGRESSIVE;
				CLANG_CXX_LANGUAGE_STANDARD = "gnu++14";
				CLANG_CXX_LIBRARY = "libc++";
				CLANG_ENABLE_MODULES = YES;
				CLANG_ENABLE_OBJC_ARC = YES;
				CLANG_ENABLE_OBJC_WEAK = YES;
				CLANG_WARN_BLOCK_CAPTURE_AUTORELEASING = YES;
				CLANG_WARN_BOOL_CONVERSION = YES;
				CLANG_WARN_COMMA = YES;
				CLANG_WARN_CONSTANT_CONVERSION = YES;
				CLANG_WARN_DEPRECATED_OBJC_IMPLEMENTATIONS = YES;
				CLANG_WARN_DIRECT_OBJC_ISA_USAGE = YES_ERROR;
				CLANG_WARN_DOCUMENTATION_COMMENTS = YES;
				CLANG_WARN_EMPTY_BODY = YES;
				CLANG_WARN_ENUM_CONVERSION = YES;
				CLANG_WARN_INFINITE_RECURSION = YES;
				CLANG_WARN_INT_CONVERSION = YES;
				CLANG_WARN_NON_LITERAL_NULL_CONVERSION = YES;
				CLANG_WARN_OBJC_IMPLICIT_RETAIN_SELF = YES;
				CLANG_WARN_OBJC_LITERAL_CONVERSION = YES;
				CLANG_WARN_OBJC_ROOT_CLASS = YES_ERROR;
				CLANG_WARN_QUOTED_INCLUDE_IN_FRAMEWORK_HEADER = YES;
				CLANG_WARN_RANGE_LOOP_ANALYSIS = YES;
				CLANG_WARN_STRICT_PROTOTYPES = YES;
				CLANG_WARN_SUSPICIOUS_MOVE = YES;
				CLANG_WARN_UNGUARDED_AVAILABILITY = YES_AGGRESSIVE;
				CLANG_WARN_UNREACHABLE_CODE = YES;
				CLANG_WARN__DUPLICATE_METHOD_MATCH = YES;
				COPY_PHASE_STRIP = NO;
				DEBUG_INFORMATION_FORMAT = dwarf;
				ENABLE_STRICT_OBJC_MSGSEND = YES;
				ENABLE_TESTABILITY = YES;
				GCC_C_LANGUAGE_STANDARD = gnu11;
				GCC_DYNAMIC_NO_PIC = NO;
				GCC_NO_COMMON_BLOCKS = YES;
				GCC_OPTIMIZATION_LEVEL = 0;
				GCC_PREPROCESSOR_DEFINITIONS = (
					"DEBUG=1",
					"$(inherited)",
				);
				GCC_WARN_64_TO_32_BIT_CONVERSION = YES;
				GCC_WARN_ABOUT_RETURN_TYPE = YES_ERROR;
				GCC_WARN_UNDECLARED_SELECTOR = YES;
				GCC_WARN_UNINITIALIZED_AUTOS = YES_AGGRESSIVE;
				GCC_WARN_UNUSED_FUNCTION = YES;
				GCC_WARN_UNUSED_VARIABLE = YES;
				IPHONEOS_DEPLOYMENT_TARGET = 14.2;
				MTL_ENABLE_DEBUG_INFO = INCLUDE_SOURCE;
				MTL_FAST_MATH = YES;
				ONLY_ACTIVE_ARCH = YES;
				SDKROOT = iphoneos;
				SWIFT_ACTIVE_COMPILATION_CONDITIONS = DEBUG;
				SWIFT_OPTIMIZATION_LEVEL = "-Onone";
			};
			name = Debug;
		};
		67DAFDD72563EED20033D499 /* Release */ = {
			isa = XCBuildConfiguration;
			buildSettings = {
				ALWAYS_SEARCH_USER_PATHS = NO;
				CLANG_ANALYZER_NONNULL = YES;
				CLANG_ANALYZER_NUMBER_OBJECT_CONVERSION = YES_AGGRESSIVE;
				CLANG_CXX_LANGUAGE_STANDARD = "gnu++14";
				CLANG_CXX_LIBRARY = "libc++";
				CLANG_ENABLE_MODULES = YES;
				CLANG_ENABLE_OBJC_ARC = YES;
				CLANG_ENABLE_OBJC_WEAK = YES;
				CLANG_WARN_BLOCK_CAPTURE_AUTORELEASING = YES;
				CLANG_WARN_BOOL_CONVERSION = YES;
				CLANG_WARN_COMMA = YES;
				CLANG_WARN_CONSTANT_CONVERSION = YES;
				CLANG_WARN_DEPRECATED_OBJC_IMPLEMENTATIONS = YES;
				CLANG_WARN_DIRECT_OBJC_ISA_USAGE = YES_ERROR;
				CLANG_WARN_DOCUMENTATION_COMMENTS = YES;
				CLANG_WARN_EMPTY_BODY = YES;
				CLANG_WARN_ENUM_CONVERSION = YES;
				CLANG_WARN_INFINITE_RECURSION = YES;
				CLANG_WARN_INT_CONVERSION = YES;
				CLANG_WARN_NON_LITERAL_NULL_CONVERSION = YES;
				CLANG_WARN_OBJC_IMPLICIT_RETAIN_SELF = YES;
				CLANG_WARN_OBJC_LITERAL_CONVERSION = YES;
				CLANG_WARN_OBJC_ROOT_CLASS = YES_ERROR;
				CLANG_WARN_QUOTED_INCLUDE_IN_FRAMEWORK_HEADER = YES;
				CLANG_WARN_RANGE_LOOP_ANALYSIS = YES;
				CLANG_WARN_STRICT_PROTOTYPES = YES;
				CLANG_WARN_SUSPICIOUS_MOVE = YES;
				CLANG_WARN_UNGUARDED_AVAILABILITY = YES_AGGRESSIVE;
				CLANG_WARN_UNREACHABLE_CODE = YES;
				CLANG_WARN__DUPLICATE_METHOD_MATCH = YES;
				COPY_PHASE_STRIP = NO;
				DEBUG_INFORMATION_FORMAT = "dwarf-with-dsym";
				ENABLE_NS_ASSERTIONS = NO;
				ENABLE_STRICT_OBJC_MSGSEND = YES;
				GCC_C_LANGUAGE_STANDARD = gnu11;
				GCC_NO_COMMON_BLOCKS = YES;
				GCC_WARN_64_TO_32_BIT_CONVERSION = YES;
				GCC_WARN_ABOUT_RETURN_TYPE = YES_ERROR;
				GCC_WARN_UNDECLARED_SELECTOR = YES;
				GCC_WARN_UNINITIALIZED_AUTOS = YES_AGGRESSIVE;
				GCC_WARN_UNUSED_FUNCTION = YES;
				GCC_WARN_UNUSED_VARIABLE = YES;
				IPHONEOS_DEPLOYMENT_TARGET = 14.2;
				MTL_ENABLE_DEBUG_INFO = NO;
				MTL_FAST_MATH = YES;
				SDKROOT = iphoneos;
				SWIFT_COMPILATION_MODE = wholemodule;
				SWIFT_OPTIMIZATION_LEVEL = "-O";
				VALIDATE_PRODUCT = YES;
			};
			name = Release;
		};
		67DAFDD92563EED20033D499 /* Debug */ = {
			isa = XCBuildConfiguration;
			buildSettings = {
				ASSETCATALOG_COMPILER_APPICON_NAME = AppIcon;
				ASSETCATALOG_COMPILER_GLOBAL_ACCENT_COLOR_NAME = AccentColor;
				CODE_SIGN_STYLE = Automatic;
				DEVELOPMENT_ASSET_PATHS = "\"UI-34/Preview Content\"";
				ENABLE_PREVIEWS = YES;
				INFOPLIST_FILE = "UI-34/Info.plist";
				IPHONEOS_DEPLOYMENT_TARGET = 14.0;
				LD_RUNPATH_SEARCH_PATHS = (
					"$(inherited)",
					"@executable_path/Frameworks",
				);
				PRODUCT_BUNDLE_IDENTIFIER = "com.uzu.UI-34";
				PRODUCT_NAME = "$(TARGET_NAME)";
				SWIFT_VERSION = 5.0;
				TARGETED_DEVICE_FAMILY = "1,2";
			};
			name = Debug;
		};
		67DAFDDA2563EED20033D499 /* Release */ = {
			isa = XCBuildConfiguration;
			buildSettings = {
				ASSETCATALOG_COMPILER_APPICON_NAME = AppIcon;
				ASSETCATALOG_COMPILER_GLOBAL_ACCENT_COLOR_NAME = AccentColor;
				CODE_SIGN_STYLE = Automatic;
				DEVELOPMENT_ASSET_PATHS = "\"UI-34/Preview Content\"";
				ENABLE_PREVIEWS = YES;
				INFOPLIST_FILE = "UI-34/Info.plist";
				IPHONEOS_DEPLOYMENT_TARGET = 14.0;
				LD_RUNPATH_SEARCH_PATHS = (
					"$(inherited)",
					"@executable_path/Frameworks",
				);
				PRODUCT_BUNDLE_IDENTIFIER = "com.uzu.UI-34";
				PRODUCT_NAME = "$(TARGET_NAME)";
				SWIFT_VERSION = 5.0;
				TARGETED_DEVICE_FAMILY = "1,2";
			};
			name = Release;
		};
		67DAFDDC2563EED20033D499 /* Debug */ = {
			isa = XCBuildConfiguration;
			buildSettings = {
				ALWAYS_EMBED_SWIFT_STANDARD_LIBRARIES = YES;
				BUNDLE_LOADER = "$(TEST_HOST)";
				CODE_SIGN_STYLE = Automatic;
				INFOPLIST_FILE = "UI-34Tests/Info.plist";
				IPHONEOS_DEPLOYMENT_TARGET = 14.0;
				LD_RUNPATH_SEARCH_PATHS = (
					"$(inherited)",
					"@executable_path/Frameworks",
					"@loader_path/Frameworks",
				);
				PRODUCT_BUNDLE_IDENTIFIER = "com.uzu.UI-34Tests";
				PRODUCT_NAME = "$(TARGET_NAME)";
				SWIFT_VERSION = 5.0;
				TARGETED_DEVICE_FAMILY = "1,2";
				TEST_HOST = "$(BUILT_PRODUCTS_DIR)/UI-34.app/UI-34";
			};
			name = Debug;
		};
		67DAFDDD2563EED20033D499 /* Release */ = {
			isa = XCBuildConfiguration;
			buildSettings = {
				ALWAYS_EMBED_SWIFT_STANDARD_LIBRARIES = YES;
				BUNDLE_LOADER = "$(TEST_HOST)";
				CODE_SIGN_STYLE = Automatic;
				INFOPLIST_FILE = "UI-34Tests/Info.plist";
				IPHONEOS_DEPLOYMENT_TARGET = 14.0;
				LD_RUNPATH_SEARCH_PATHS = (
					"$(inherited)",
					"@executable_path/Frameworks",
					"@loader_path/Frameworks",
				);
				PRODUCT_BUNDLE_IDENTIFIER = "com.uzu.UI-34Tests";
				PRODUCT_NAME = "$(TARGET_NAME)";
				SWIFT_VERSION = 5.0;
				TARGETED_DEVICE_FAMILY = "1,2";
				TEST_HOST = "$(BUILT_PRODUCTS_DIR)/UI-34.app/UI-34";
			};
			name = Release;
		};
		67DAFDDF2563EED20033D499 /* Debug */ = {
			isa = XCBuildConfiguration;
			buildSettings = {
				ALWAYS_EMBED_SWIFT_STANDARD_LIBRARIES = YES;
				CODE_SIGN_STYLE = Automatic;
				INFOPLIST_FILE = "UI-34UITests/Info.plist";
				LD_RUNPATH_SEARCH_PATHS = (
					"$(inherited)",
					"@executable_path/Frameworks",
					"@loader_path/Frameworks",
				);
				PRODUCT_BUNDLE_IDENTIFIER = "com.uzu.UI-34UITests";
				PRODUCT_NAME = "$(TARGET_NAME)";
				SWIFT_VERSION = 5.0;
				TARGETED_DEVICE_FAMILY = "1,2";
				TEST_TARGET_NAME = "UI-34";
			};
			name = Debug;
		};
		67DAFDE02563EED20033D499 /* Release */ = {
			isa = XCBuildConfiguration;
			buildSettings = {
				ALWAYS_EMBED_SWIFT_STANDARD_LIBRARIES = YES;
				CODE_SIGN_STYLE = Automatic;
				INFOPLIST_FILE = "UI-34UITests/Info.plist";
				LD_RUNPATH_SEARCH_PATHS = (
					"$(inherited)",
					"@executable_path/Frameworks",
					"@loader_path/Frameworks",
				);
				PRODUCT_BUNDLE_IDENTIFIER = "com.uzu.UI-34UITests";
				PRODUCT_NAME = "$(TARGET_NAME)";
				SWIFT_VERSION = 5.0;
				TARGETED_DEVICE_FAMILY = "1,2";
				TEST_TARGET_NAME = "UI-34";
			};
			name = Release;
		};
/* End XCBuildConfiguration section */

/* Begin XCConfigurationList section */
		67DAFDAE2563EED10033D499 /* Build configuration list for PBXProject "UI-34" */ = {
			isa = XCConfigurationList;
			buildConfigurations = (
				67DAFDD62563EED20033D499 /* Debug */,
				67DAFDD72563EED20033D499 /* Release */,
			);
			defaultConfigurationIsVisible = 0;
			defaultConfigurationName = Release;
		};
		67DAFDD82563EED20033D499 /* Build configuration list for PBXNativeTarget "UI-34" */ = {
			isa = XCConfigurationList;
			buildConfigurations = (
				67DAFDD92563EED20033D499 /* Debug */,
				67DAFDDA2563EED20033D499 /* Release */,
			);
			defaultConfigurationIsVisible = 0;
			defaultConfigurationName = Release;
		};
		67DAFDDB2563EED20033D499 /* Build configuration list for PBXNativeTarget "UI-34Tests" */ = {
			isa = XCConfigurationList;
			buildConfigurations = (
				67DAFDDC2563EED20033D499 /* Debug */,
				67DAFDDD2563EED20033D499 /* Release */,
			);
			defaultConfigurationIsVisible = 0;
			defaultConfigurationName = Release;
		};
		67DAFDDE2563EED20033D499 /* Build configuration list for PBXNativeTarget "UI-34UITests" */ = {
			isa = XCConfigurationList;
			buildConfigurations = (
				67DAFDDF2563EED20033D499 /* Debug */,
				67DAFDE02563EED20033D499 /* Release */,
			);
			defaultConfigurationIsVisible = 0;
			defaultConfigurationName = Release;
		};
/* End XCConfigurationList section */
	};
	rootObject = 67DAFDAB2563EED10033D499 /* Project object */;
}
